Microsoft Visual Studio Solution File, Format Version 12.00
# Visual Studio Version 17
VisualStudioVersion = 17.5.2.0
MinimumVisualStudioVersion = 10.0.40219.1
Project("{FAE04EC0-301F-11D3-BF4B-00C04F79EFBC}") = "HuntAPI", "HuntAPI.csproj", "{EF88F696-8C88-B44B-35F7-15C2A6E96860}"
EndProject
Global
	GlobalSection(SolutionConfigurationPlatforms) = preSolution
		Debug|Any CPU = Debug|Any CPU
		Release|Any CPU = Release|Any CPU
	EndGlobalSection
	GlobalSection(ProjectConfigurationPlatforms) = postSolution
		{EF88F696-8C88-B44B-35F7-15C2A6E96860}.Debug|Any CPU.ActiveCfg = Debug|Any CPU
		{EF88F696-8C88-B44B-35F7-15C2A6E96860}.Debug|Any CPU.Build.0 = Debug|Any CPU
		{EF88F696-8C88-B44B-35F7-15C2A6E96860}.Release|Any CPU.ActiveCfg = Release|Any CPU
		{EF88F696-8C88-B44B-35F7-15C2A6E96860}.Release|Any CPU.Build.0 = Release|Any CPU
	EndGlobalSection
	GlobalSection(SolutionProperties) = preSolution
		HideSolutionNode = FALSE
	EndGlobalSection
	GlobalSection(ExtensibilityGlobals) = postSolution
		SolutionGuid = {827719D5-46D3-4C79-A2BE-8CB1F4FC180E}
	EndGlobalSection
EndGlobal
